
Microsoft Visual Studio Solution File, Format Version 12.00
# Visual Studio Version 17
VisualStudioVersion = 17.11.35327.3
MinimumVisualStudioVersion = 10.0.40219.1
Project("{9A19103F-16F7-4668-BE54-9A1E7A4F7556}") = "Evgenii.Ezhov.Altium.Generator", "Evgenii.Ezhov.Altium.Generator\Evgenii.Ezhov.Altium.Generator.csproj", "{03980CAE-DF23-4A15-BAD6-E4AD74B0ACEB}"
EndProject
Project("{FAE04EC0-301F-11D3-BF4B-00C04F79EFBC}") = "Evgenii.Ezhov.Altium.Sort", "Evgenii.Ezhov.Altium.Sort\Evgenii.Ezhov.Altium.Sort.csproj", "{A3EF9D58-5D14-4EA3-A6D7-0F84AA94482A}"
EndProject
Global
	GlobalSection(SolutionConfigurationPlatforms) = preSolution
		Debug|Any CPU = Debug|Any CPU
		Release|Any CPU = Release|Any CPU
	EndGlobalSection
	GlobalSection(ProjectConfigurationPlatforms) = postSolution
		{03980CAE-DF23-4A15-BAD6-E4AD74B0ACEB}.Debug|Any CPU.ActiveCfg = Debug|Any CPU
		{03980CAE-DF23-4A15-BAD6-E4AD74B0ACEB}.Debug|Any CPU.Build.0 = Debug|Any CPU
		{03980CAE-DF23-4A15-BAD6-E4AD74B0ACEB}.Release|Any CPU.ActiveCfg = Release|Any CPU
		{03980CAE-DF23-4A15-BAD6-E4AD74B0ACEB}.Release|Any CPU.Build.0 = Release|Any CPU
		{A3EF9D58-5D14-4EA3-A6D7-0F84AA94482A}.Debug|Any CPU.ActiveCfg = Debug|Any CPU
		{A3EF9D58-5D14-4EA3-A6D7-0F84AA94482A}.Debug|Any CPU.Build.0 = Debug|Any CPU
		{A3EF9D58-5D14-4EA3-A6D7-0F84AA94482A}.Release|Any CPU.ActiveCfg = Release|Any CPU
		{A3EF9D58-5D14-4EA3-A6D7-0F84AA94482A}.Release|Any CPU.Build.0 = Release|Any CPU
	EndGlobalSection
	GlobalSection(SolutionProperties) = preSolution
		HideSolutionNode = FALSE
	EndGlobalSection
	GlobalSection(ExtensibilityGlobals) = postSolution
		SolutionGuid = {F61E3F10-06D2-4F5C-AF48-03B2EB72DE61}
	EndGlobalSection
EndGlobal
